
Microsoft Visual Studio Solution File, Format Version 12.00
# Visual Studio Version 17
VisualStudioVersion = 17.9.34902.65
MinimumVisualStudioVersion = 10.0.40219.1
Project("{FAE04EC0-301F-11D3-BF4B-00C04F79EFBC}") = "Inventory.Mostafa.Pl", "Inventory.Mostafa.Pl\Inventory.Mostafa.Pl.csproj", "{F4EDB3E8-0DC7-4722-80B1-F9BC60E69327}"
EndProject
Project("{FAE04EC0-301F-11D3-BF4B-00C04F79EFBC}") = "Inventory.Mostafa.Application", "Inventory.Mostafa.Application\Inventory.Mostafa.Application.csproj", "{E657A734-36F1-4FBB-891F-404908609733}"
EndProject
Project("{FAE04EC0-301F-11D3-BF4B-00C04F79EFBC}") = "Inventory.Mostafa.Domain", "Inventory.Mostafa.Domain\Inventory.Mostafa.Domain.csproj", "{7F7F0203-A759-4EF9-B306-51C00AB796B0}"
EndProject
Project("{FAE04EC0-301F-11D3-BF4B-00C04F79EFBC}") = "Inventory.Mostafa.Infrastructure", "Inventory.Mostafa.Infrastructure\Inventory.Mostafa.Infrastructure.csproj", "{4E9CE9BF-E95E-44CC-ACF2-A31268006FD1}"
EndProject
Global
	GlobalSection(SolutionConfigurationPlatforms) = preSolution
		Debug|Any CPU = Debug|Any CPU
		Release|Any CPU = Release|Any CPU
	EndGlobalSection
	GlobalSection(ProjectConfigurationPlatforms) = postSolution
		{F4EDB3E8-0DC7-4722-80B1-F9BC60E69327}.Debug|Any CPU.ActiveCfg = Debug|Any CPU
		{F4EDB3E8-0DC7-4722-80B1-F9BC60E69327}.Debug|Any CPU.Build.0 = Debug|Any CPU
		{F4EDB3E8-0DC7-4722-80B1-F9BC60E69327}.Release|Any CPU.ActiveCfg = Release|Any CPU
		{F4EDB3E8-0DC7-4722-80B1-F9BC60E69327}.Release|Any CPU.Build.0 = Release|Any CPU
		{E657A734-36F1-4FBB-891F-404908609733}.Debug|Any CPU.ActiveCfg = Debug|Any CPU
		{E657A734-36F1-4FBB-891F-404908609733}.Debug|Any CPU.Build.0 = Debug|Any CPU
		{E657A734-36F1-4FBB-891F-404908609733}.Release|Any CPU.ActiveCfg = Release|Any CPU
		{E657A734-36F1-4FBB-891F-404908609733}.Release|Any CPU.Build.0 = Release|Any CPU
		{7F7F0203-A759-4EF9-B306-51C00AB796B0}.Debug|Any CPU.ActiveCfg = Debug|Any CPU
		{7F7F0203-A759-4EF9-B306-51C00AB796B0}.Debug|Any CPU.Build.0 = Debug|Any CPU
		{7F7F0203-A759-4EF9-B306-51C00AB796B0}.Release|Any CPU.ActiveCfg = Release|Any CPU
		{7F7F0203-A759-4EF9-B306-51C00AB796B0}.Release|Any CPU.Build.0 = Release|Any CPU
		{4E9CE9BF-E95E-44CC-ACF2-A31268006FD1}.Debug|Any CPU.ActiveCfg = Debug|Any CPU
		{4E9CE9BF-E95E-44CC-ACF2-A31268006FD1}.Debug|Any CPU.Build.0 = Debug|Any CPU
		{4E9CE9BF-E95E-44CC-ACF2-A31268006FD1}.Release|Any CPU.ActiveCfg = Release|Any CPU
		{4E9CE9BF-E95E-44CC-ACF2-A31268006FD1}.Release|Any CPU.Build.0 = Release|Any CPU
	EndGlobalSection
	GlobalSection(SolutionProperties) = preSolution
		HideSolutionNode = FALSE
	EndGlobalSection
	GlobalSection(ExtensibilityGlobals) = postSolution
		SolutionGuid = {2740FBF9-6954-49DF-BFF3-8440C8F5C8DC}
	EndGlobalSection
EndGlobal
